// !$*UTF8*$!
{
	archiveVersion = 1;
	classes = {
	};
	objectVersion = 56;
	objects = {

/* Begin PBXBuildFile section */
		B88B818D309F3D4C5A52A74C /* Pods_SAMU_Provider.framework in Frameworks */ = {isa = PBXBuildFile; fileRef = 63FD9D190E6D1C03175AF6B9 /* Pods_SAMU_Provider.framework */; };
		F92D6A3328DE1545004E18E2 /* AppDelegate.swift in Sources */ = {isa = PBXBuildFile; fileRef = F92D6A3228DE1545004E18E2 /* AppDelegate.swift */; };
		F92D6A3528DE1545004E18E2 /* SceneDelegate.swift in Sources */ = {isa = PBXBuildFile; fileRef = F92D6A3428DE1545004E18E2 /* SceneDelegate.swift */; };
		F92D6A3728DE1545004E18E2 /* ViewController.swift in Sources */ = {isa = PBXBuildFile; fileRef = F92D6A3628DE1545004E18E2 /* ViewController.swift */; };
		F92D6A3A28DE1545004E18E2 /* Main.storyboard in Resources */ = {isa = PBXBuildFile; fileRef = F92D6A3828DE1545004E18E2 /* Main.storyboard */; };
		F92D6A3C28DE1547004E18E2 /* Assets.xcassets in Resources */ = {isa = PBXBuildFile; fileRef = F92D6A3B28DE1547004E18E2 /* Assets.xcassets */; };
		F92D6A3F28DE1547004E18E2 /* LaunchScreen.storyboard in Resources */ = {isa = PBXBuildFile; fileRef = F92D6A3D28DE1547004E18E2 /* LaunchScreen.storyboard */; };
		F9CA5F052909184F00EF5AF7 /* Auth.storyboard in Resources */ = {isa = PBXBuildFile; fileRef = F9CA5F032909184F00EF5AF7 /* Auth.storyboard */; };
		F9CA5F062909184F00EF5AF7 /* LocationPicker.storyboard in Resources */ = {isa = PBXBuildFile; fileRef = F9CA5F042909184F00EF5AF7 /* LocationPicker.storyboard */; };
/* End PBXBuildFile section */

/* Begin PBXFileReference section */
		63FD9D190E6D1C03175AF6B9 /* Pods_SAMU_Provider.framework */ = {isa = PBXFileReference; explicitFileType = wrapper.framework; includeInIndex = 0; path = Pods_SAMU_Provider.framework; sourceTree = BUILT_PRODUCTS_DIR; };
		92381D69B3D99DFFC616115B /* Pods-SAMU Provider.debug.xcconfig */ = {isa = PBXFileReference; includeInIndex = 1; lastKnownFileType = text.xcconfig; name = "Pods-SAMU Provider.debug.xcconfig"; path = "Target Support Files/Pods-SAMU Provider/Pods-SAMU Provider.debug.xcconfig"; sourceTree = "<group>"; };
		D09D01D403AA87DE53D5DBCD /* Pods-SAMU Provider.release.xcconfig */ = {isa = PBXFileReference; includeInIndex = 1; lastKnownFileType = text.xcconfig; name = "Pods-SAMU Provider.release.xcconfig"; path = "Target Support Files/Pods-SAMU Provider/Pods-SAMU Provider.release.xcconfig"; sourceTree = "<group>"; };
		F92D6A2F28DE1545004E18E2 /* SAMU Provider.app */ = {isa = PBXFileReference; explicitFileType = wrapper.application; includeInIndex = 0; path = "SAMU Provider.app"; sourceTree = BUILT_PRODUCTS_DIR; };
		F92D6A3228DE1545004E18E2 /* AppDelegate.swift */ = {isa = PBXFileReference; lastKnownFileType = sourcecode.swift; path = AppDelegate.swift; sourceTree = "<group>"; };
		F92D6A3428DE1545004E18E2 /* SceneDelegate.swift */ = {isa = PBXFileReference; lastKnownFileType = sourcecode.swift; path = SceneDelegate.swift; sourceTree = "<group>"; };
		F92D6A3628DE1545004E18E2 /* ViewController.swift */ = {isa = PBXFileReference; lastKnownFileType = sourcecode.swift; path = ViewController.swift; sourceTree = "<group>"; };
		F92D6A3928DE1545004E18E2 /* Base */ = {isa = PBXFileReference; lastKnownFileType = file.storyboard; name = Base; path = Base.lproj/Main.storyboard; sourceTree = "<group>"; };
		F92D6A3B28DE1547004E18E2 /* Assets.xcassets */ = {isa = PBXFileReference; lastKnownFileType = folder.assetcatalog; path = Assets.xcassets; sourceTree = "<group>"; };
		F92D6A3E28DE1547004E18E2 /* Base */ = {isa = PBXFileReference; lastKnownFileType = file.storyboard; name = Base; path = Base.lproj/LaunchScreen.storyboard; sourceTree = "<group>"; };
		F92D6A4028DE1547004E18E2 /* Info.plist */ = {isa = PBXFileReference; lastKnownFileType = text.plist.xml; path = Info.plist; sourceTree = "<group>"; };
		F9CA5F032909184F00EF5AF7 /* Auth.storyboard */ = {isa = PBXFileReference; fileEncoding = 4; lastKnownFileType = file.storyboard; path = Auth.storyboard; sourceTree = "<group>"; };
		F9CA5F042909184F00EF5AF7 /* LocationPicker.storyboard */ = {isa = PBXFileReference; fileEncoding = 4; lastKnownFileType = file.storyboard; path = LocationPicker.storyboard; sourceTree = "<group>"; };
/* End PBXFileReference section */

/* Begin PBXFrameworksBuildPhase section */
		F92D6A2C28DE1545004E18E2 /* Frameworks */ = {
			isa = PBXFrameworksBuildPhase;
			buildActionMask = 2147483647;
			files = (
				B88B818D309F3D4C5A52A74C /* Pods_SAMU_Provider.framework in Frameworks */,
			);
			runOnlyForDeploymentPostprocessing = 0;
		};
/* End PBXFrameworksBuildPhase section */

/* Begin PBXGroup section */
		6B8F6DD3021BC24AB2F8888C /* Pods */ = {
			isa = PBXGroup;
			children = (
				92381D69B3D99DFFC616115B /* Pods-SAMU Provider.debug.xcconfig */,
				D09D01D403AA87DE53D5DBCD /* Pods-SAMU Provider.release.xcconfig */,
			);
			path = Pods;
			sourceTree = "<group>";
		};
		8CAC39A7AA3E8FB596ED5091 /* Frameworks */ = {
			isa = PBXGroup;
			children = (
				63FD9D190E6D1C03175AF6B9 /* Pods_SAMU_Provider.framework */,
			);
			name = Frameworks;
			sourceTree = "<group>";
		};
		F92D6A2628DE1545004E18E2 = {
			isa = PBXGroup;
			children = (
				F92D6A3128DE1545004E18E2 /* SAMU Provider */,
				F92D6A3028DE1545004E18E2 /* Products */,
				6B8F6DD3021BC24AB2F8888C /* Pods */,
				8CAC39A7AA3E8FB596ED5091 /* Frameworks */,
			);
			sourceTree = "<group>";
		};
		F92D6A3028DE1545004E18E2 /* Products */ = {
			isa = PBXGroup;
			children = (
				F92D6A2F28DE1545004E18E2 /* SAMU Provider.app */,
			);
			name = Products;
			sourceTree = "<group>";
		};
		F92D6A3128DE1545004E18E2 /* SAMU Provider */ = {
			isa = PBXGroup;
			children = (
				F9CA5F022909183700EF5AF7 /* UserInterface */,
				F92D6A4628DE1567004E18E2 /* AppDelegate */,
				F92D6A3628DE1545004E18E2 /* ViewController.swift */,
				F92D6A3B28DE1547004E18E2 /* Assets.xcassets */,
				F92D6A3D28DE1547004E18E2 /* LaunchScreen.storyboard */,
				F92D6A4028DE1547004E18E2 /* Info.plist */,
			);
			path = "SAMU Provider";
			sourceTree = "<group>";
		};
		F92D6A4628DE1567004E18E2 /* AppDelegate */ = {
			isa = PBXGroup;
			children = (
				F92D6A3228DE1545004E18E2 /* AppDelegate.swift */,
				F92D6A3428DE1545004E18E2 /* SceneDelegate.swift */,
			);
			path = AppDelegate;
			sourceTree = "<group>";
		};
		F9CA5F022909183700EF5AF7 /* UserInterface */ = {
			isa = PBXGroup;
			children = (
				F92D6A3828DE1545004E18E2 /* Main.storyboard */,
				F9CA5F032909184F00EF5AF7 /* Auth.storyboard */,
				F9CA5F042909184F00EF5AF7 /* LocationPicker.storyboard */,
			);
			path = UserInterface;
			sourceTree = "<group>";
		};
/* End PBXGroup section */

/* Begin PBXNativeTarget section */
		F92D6A2E28DE1545004E18E2 /* SAMU Provider */ = {
			isa = PBXNativeTarget;
			buildConfigurationList = F92D6A4328DE1547004E18E2 /* Build configuration list for PBXNativeTarget "SAMU Provider" */;
			buildPhases = (
				98680B6B43824DAED4741F98 /* [CP] Check Pods Manifest.lock */,
				F92D6A2B28DE1545004E18E2 /* Sources */,
				F92D6A2C28DE1545004E18E2 /* Frameworks */,
				F92D6A2D28DE1545004E18E2 /* Resources */,
				C37151CD891610447496DBCA /* [CP] Embed Pods Frameworks */,
			);
			buildRules = (
			);
			dependencies = (
			);
			name = "SAMU Provider";
			productName = "SAMU Provider";
			productReference = F92D6A2F28DE1545004E18E2 /* SAMU Provider.app */;
			productType = "com.apple.product-type.application";
		};
/* End PBXNativeTarget section */

/* Begin PBXProject section */
		F92D6A2728DE1545004E18E2 /* Project object */ = {
			isa = PBXProject;
			attributes = {
				BuildIndependentTargetsInParallel = 1;
				LastSwiftUpdateCheck = 1400;
				LastUpgradeCheck = 1400;
				TargetAttributes = {
					F92D6A2E28DE1545004E18E2 = {
						CreatedOnToolsVersion = 14.0;
					};
				};
			};
			buildConfigurationList = F92D6A2A28DE1545004E18E2 /* Build configuration list for PBXProject "SAMU Provider" */;
			compatibilityVersion = "Xcode 14.0";
			developmentRegion = en;
			hasScannedForEncodings = 0;
			knownRegions = (
				en,
				Base,
			);
			mainGroup = F92D6A2628DE1545004E18E2;
			productRefGroup = F92D6A3028DE1545004E18E2 /* Products */;
			projectDirPath = "";
			projectRoot = "";
			targets = (
				F92D6A2E28DE1545004E18E2 /* SAMU Provider */,
			);
		};
/* End PBXProject section */

/* Begin PBXResourcesBuildPhase section */
		F92D6A2D28DE1545004E18E2 /* Resources */ = {
			isa = PBXResourcesBuildPhase;
			buildActionMask = 2147483647;
			files = (
				F9CA5F052909184F00EF5AF7 /* Auth.storyboard in Resources */,
				F92D6A3F28DE1547004E18E2 /* LaunchScreen.storyboard in Resources */,
				F9CA5F062909184F00EF5AF7 /* LocationPicker.storyboard in Resources */,
				F92D6A3C28DE1547004E18E2 /* Assets.xcassets in Resources */,
				F92D6A3A28DE1545004E18E2 /* Main.storyboard in Resources */,
			);
			runOnlyForDeploymentPostprocessing = 0;
		};
/* End PBXResourcesBuildPhase section */

/* Begin PBXShellScriptBuildPhase section */
		98680B6B43824DAED4741F98 /* [CP] Check Pods Manifest.lock */ = {
			isa = PBXShellScriptBuildPhase;
			buildActionMask = 2147483647;
			files = (
			);
			inputFileListPaths = (
			);
			inputPaths = (
				"${PODS_PODFILE_DIR_PATH}/Podfile.lock",
				"${PODS_ROOT}/Manifest.lock",
			);
			name = "[CP] Check Pods Manifest.lock";
			outputFileListPaths = (
			);
			outputPaths = (
				"$(DERIVED_FILE_DIR)/Pods-SAMU Provider-checkManifestLockResult.txt",
			);
			runOnlyForDeploymentPostprocessing = 0;
			shellPath = /bin/sh;
			shellScript = "diff \"${PODS_PODFILE_DIR_PATH}/Podfile.lock\" \"${PODS_ROOT}/Manifest.lock\" > /dev/null\nif [ $? != 0 ] ; then\n    # print error to STDERR\n    echo \"error: The sandbox is not in sync with the Podfile.lock. Run 'pod install' or update your CocoaPods installation.\" >&2\n    exit 1\nfi\n# This output is used by Xcode 'outputs' to avoid re-running this script phase.\necho \"SUCCESS\" > \"${SCRIPT_OUTPUT_FILE_0}\"\n";
			showEnvVarsInLog = 0;
		};
		C37151CD891610447496DBCA /* [CP] Embed Pods Frameworks */ = {
			isa = PBXShellScriptBuildPhase;
			buildActionMask = 2147483647;
			files = (
			);
			inputFileListPaths = (
				"${PODS_ROOT}/Target Support Files/Pods-SAMU Provider/Pods-SAMU Provider-frameworks-${CONFIGURATION}-input-files.xcfilelist",
			);
			name = "[CP] Embed Pods Frameworks";
			outputFileListPaths = (
				"${PODS_ROOT}/Target Support Files/Pods-SAMU Provider/Pods-SAMU Provider-frameworks-${CONFIGURATION}-output-files.xcfilelist",
			);
			runOnlyForDeploymentPostprocessing = 0;
			shellPath = /bin/sh;
			shellScript = "\"${PODS_ROOT}/Target Support Files/Pods-SAMU Provider/Pods-SAMU Provider-frameworks.sh\"\n";
			showEnvVarsInLog = 0;
		};
/* End PBXShellScriptBuildPhase section */

/* Begin PBXSourcesBuildPhase section */
		F92D6A2B28DE1545004E18E2 /* Sources */ = {
			isa = PBXSourcesBuildPhase;
			buildActionMask = 2147483647;
			files = (
				F92D6A3728DE1545004E18E2 /* ViewController.swift in Sources */,
				F92D6A3328DE1545004E18E2 /* AppDelegate.swift in Sources */,
				F92D6A3528DE1545004E18E2 /* SceneDelegate.swift in Sources */,
			);
			runOnlyForDeploymentPostprocessing = 0;
		};
/* End PBXSourcesBuildPhase section */

/* Begin PBXVariantGroup section */
		F92D6A3828DE1545004E18E2 /* Main.storyboard */ = {
			isa = PBXVariantGroup;
			children = (
				F92D6A3928DE1545004E18E2 /* Base */,
			);
			name = Main.storyboard;
			sourceTree = "<group>";
		};
		F92D6A3D28DE1547004E18E2 /* LaunchScreen.storyboard */ = {
			isa = PBXVariantGroup;
			children = (
				F92D6A3E28DE1547004E18E2 /* Base */,
			);
			name = LaunchScreen.storyboard;
			sourceTree = "<group>";
		};
/* End PBXVariantGroup section */

/* Begin XCBuildConfiguration section */
		F92D6A4128DE1547004E18E2 /* Debug */ = {
			isa = XCBuildConfiguration;
			buildSettings = {
				ALWAYS_SEARCH_USER_PATHS = NO;
				CLANG_ANALYZER_NONNULL = YES;
				CLANG_ANALYZER_NUMBER_OBJECT_CONVERSION = YES_AGGRESSIVE;
				CLANG_CXX_LANGUAGE_STANDARD = "gnu++20";
				CLANG_ENABLE_MODULES = YES;
				CLANG_ENABLE_OBJC_ARC = YES;
				CLANG_ENABLE_OBJC_WEAK = YES;
				CLANG_WARN_BLOCK_CAPTURE_AUTORELEASING = YES;
				CLANG_WARN_BOOL_CONVERSION = YES;
				CLANG_WARN_COMMA = YES;
				CLANG_WARN_CONSTANT_CONVERSION = YES;
				CLANG_WARN_DEPRECATED_OBJC_IMPLEMENTATIONS = YES;
				CLANG_WARN_DIRECT_OBJC_ISA_USAGE = YES_ERROR;
				CLANG_WARN_DOCUMENTATION_COMMENTS = YES;
				CLANG_WARN_EMPTY_BODY = YES;
				CLANG_WARN_ENUM_CONVERSION = YES;
				CLANG_WARN_INFINITE_RECURSION = YES;
				CLANG_WARN_INT_CONVERSION = YES;
				CLANG_WARN_NON_LITERAL_NULL_CONVERSION = YES;
				CLANG_WARN_OBJC_IMPLICIT_RETAIN_SELF = YES;
				CLANG_WARN_OBJC_LITERAL_CONVERSION = YES;
				CLANG_WARN_OBJC_ROOT_CLASS = YES_ERROR;
				CLANG_WARN_QUOTED_INCLUDE_IN_FRAMEWORK_HEADER = YES;
				CLANG_WARN_RANGE_LOOP_ANALYSIS = YES;
				CLANG_WARN_STRICT_PROTOTYPES = YES;
				CLANG_WARN_SUSPICIOUS_MOVE = YES;
				CLANG_WARN_UNGUARDED_AVAILABILITY = YES_AGGRESSIVE;
				CLANG_WARN_UNREACHABLE_CODE = YES;
				CLANG_WARN__DUPLICATE_METHOD_MATCH = YES;
				COPY_PHASE_STRIP = NO;
				DEBUG_INFORMATION_FORMAT = dwarf;
				ENABLE_STRICT_OBJC_MSGSEND = YES;
				ENABLE_TESTABILITY = YES;
				GCC_C_LANGUAGE_STANDARD = gnu11;
				GCC_DYNAMIC_NO_PIC = NO;
				GCC_NO_COMMON_BLOCKS = YES;
				GCC_OPTIMIZATION_LEVEL = 0;
				GCC_PREPROCESSOR_DEFINITIONS = (
					"DEBUG=1",
					"$(inherited)",
				);
				GCC_WARN_64_TO_32_BIT_CONVERSION = YES;
				GCC_WARN_ABOUT_RETURN_TYPE = YES_ERROR;
				GCC_WARN_UNDECLARED_SELECTOR = YES;
				GCC_WARN_UNINITIALIZED_AUTOS = YES_AGGRESSIVE;
				GCC_WARN_UNUSED_FUNCTION = YES;
				GCC_WARN_UNUSED_VARIABLE = YES;
				IPHONEOS_DEPLOYMENT_TARGET = 16.0;
				MTL_ENABLE_DEBUG_INFO = INCLUDE_SOURCE;
				MTL_FAST_MATH = YES;
				ONLY_ACTIVE_ARCH = YES;
				SDKROOT = iphoneos;
				SWIFT_ACTIVE_COMPILATION_CONDITIONS = DEBUG;
				SWIFT_OPTIMIZATION_LEVEL = "-Onone";
			};
			name = Debug;
		};
		F92D6A4228DE1547004E18E2 /* Release */ = {
			isa = XCBuildConfiguration;
			buildSettings = {
				ALWAYS_SEARCH_USER_PATHS = NO;
				CLANG_ANALYZER_NONNULL = YES;
				CLANG_ANALYZER_NUMBER_OBJECT_CONVERSION = YES_AGGRESSIVE;
				CLANG_CXX_LANGUAGE_STANDARD = "gnu++20";
				CLANG_ENABLE_MODULES = YES;
				CLANG_ENABLE_OBJC_ARC = YES;
				CLANG_ENABLE_OBJC_WEAK = YES;
				CLANG_WARN_BLOCK_CAPTURE_AUTORELEASING = YES;
				CLANG_WARN_BOOL_CONVERSION = YES;
				CLANG_WARN_COMMA = YES;
				CLANG_WARN_CONSTANT_CONVERSION = YES;
				CLANG_WARN_DEPRECATED_OBJC_IMPLEMENTATIONS = YES;
				CLANG_WARN_DIRECT_OBJC_ISA_USAGE = YES_ERROR;
				CLANG_WARN_DOCUMENTATION_COMMENTS = YES;
				CLANG_WARN_EMPTY_BODY = YES;
				CLANG_WARN_ENUM_CONVERSION = YES;
				CLANG_WARN_INFINITE_RECURSION = YES;
				CLANG_WARN_INT_CONVERSION = YES;
				CLANG_WARN_NON_LITERAL_NULL_CONVERSION = YES;
				CLANG_WARN_OBJC_IMPLICIT_RETAIN_SELF = YES;
				CLANG_WARN_OBJC_LITERAL_CONVERSION = YES;
				CLANG_WARN_OBJC_ROOT_CLASS = YES_ERROR;
				CLANG_WARN_QUOTED_INCLUDE_IN_FRAMEWORK_HEADER = YES;
				CLANG_WARN_RANGE_LOOP_ANALYSIS = YES;
				CLANG_WARN_STRICT_PROTOTYPES = YES;
				CLANG_WARN_SUSPICIOUS_MOVE = YES;
				CLANG_WARN_UNGUARDED_AVAILABILITY = YES_AGGRESSIVE;
				CLANG_WARN_UNREACHABLE_CODE = YES;
				CLANG_WARN__DUPLICATE_METHOD_MATCH = YES;
				COPY_PHASE_STRIP = NO;
				DEBUG_INFORMATION_FORMAT = "dwarf-with-dsym";
				ENABLE_NS_ASSERTIONS = NO;
				ENABLE_STRICT_OBJC_MSGSEND = YES;
				GCC_C_LANGUAGE_STANDARD = gnu11;
				GCC_NO_COMMON_BLOCKS = YES;
				GCC_WARN_64_TO_32_BIT_CONVERSION = YES;
				GCC_WARN_ABOUT_RETURN_TYPE = YES_ERROR;
				GCC_WARN_UNDECLARED_SELECTOR = YES;
				GCC_WARN_UNINITIALIZED_AUTOS = YES_AGGRESSIVE;
				GCC_WARN_UNUSED_FUNCTION = YES;
				GCC_WARN_UNUSED_VARIABLE = YES;
				IPHONEOS_DEPLOYMENT_TARGET = 16.0;
				MTL_ENABLE_DEBUG_INFO = NO;
				MTL_FAST_MATH = YES;
				SDKROOT = iphoneos;
				SWIFT_COMPILATION_MODE = wholemodule;
				SWIFT_OPTIMIZATION_LEVEL = "-O";
				VALIDATE_PRODUCT = YES;
			};
			name = Release;
		};
		F92D6A4428DE1547004E18E2 /* Debug */ = {
			isa = XCBuildConfiguration;
			baseConfigurationReference = 92381D69B3D99DFFC616115B /* Pods-SAMU Provider.debug.xcconfig */;
			buildSettings = {
				ASSETCATALOG_COMPILER_APPICON_NAME = AppIcon;
				ASSETCATALOG_COMPILER_GLOBAL_ACCENT_COLOR_NAME = AccentColor;
				CODE_SIGN_STYLE = Automatic;
				CURRENT_PROJECT_VERSION = 1;
				GENERATE_INFOPLIST_FILE = YES;
				INFOPLIST_FILE = "SAMU Provider/Info.plist";
				INFOPLIST_KEY_UIApplicationSupportsIndirectInputEvents = YES;
				INFOPLIST_KEY_UILaunchStoryboardName = LaunchScreen;
				INFOPLIST_KEY_UIMainStoryboardFile = Main;
				INFOPLIST_KEY_UISupportedInterfaceOrientations = "UIInterfaceOrientationLandscapeLeft UIInterfaceOrientationLandscapeRight UIInterfaceOrientationPortrait";
				INFOPLIST_KEY_UISupportedInterfaceOrientations_iPad = UIInterfaceOrientationPortrait;
				IPHONEOS_DEPLOYMENT_TARGET = 13.0;
				LD_RUNPATH_SEARCH_PATHS = (
					"$(inherited)",
					"@executable_path/Frameworks",
				);
				MARKETING_VERSION = 1.0;
				PRODUCT_BUNDLE_IDENTIFIER = "com.ios.SAMU-Provider";
				PRODUCT_NAME = "$(TARGET_NAME)";
				SWIFT_EMIT_LOC_STRINGS = YES;
				SWIFT_VERSION = 5.0;
				TARGETED_DEVICE_FAMILY = "1,2";
			};
			name = Debug;
		};
		F92D6A4528DE1547004E18E2 /* Release */ = {
			isa = XCBuildConfiguration;
			baseConfigurationReference = D09D01D403AA87DE53D5DBCD /* Pods-SAMU Provider.release.xcconfig */;
			buildSettings = {
				ASSETCATALOG_COMPILER_APPICON_NAME = AppIcon;
				ASSETCATALOG_COMPILER_GLOBAL_ACCENT_COLOR_NAME = AccentColor;
				CODE_SIGN_STYLE = Automatic;
				CURRENT_PROJECT_VERSION = 1;
				GENERATE_INFOPLIST_FILE = YES;
				INFOPLIST_FILE = "SAMU Provider/Info.plist";
				INFOPLIST_KEY_UIApplicationSupportsIndirectInputEvents = YES;
				INFOPLIST_KEY_UILaunchStoryboardName = LaunchScreen;
				INFOPLIST_KEY_UIMainStoryboardFile = Main;
				INFOPLIST_KEY_UISupportedInterfaceOrientations = "UIInterfaceOrientationLandscapeLeft UIInterfaceOrientationLandscapeRight UIInterfaceOrientationPortrait";
				INFOPLIST_KEY_UISupportedInterfaceOrientations_iPad = UIInterfaceOrientationPortrait;
				IPHONEOS_DEPLOYMENT_TARGET = 13.0;
				LD_RUNPATH_SEARCH_PATHS = (
					"$(inherited)",
					"@executable_path/Frameworks",
				);
				MARKETING_VERSION = 1.0;
				PRODUCT_BUNDLE_IDENTIFIER = "com.ios.SAMU-Provider";
				PRODUCT_NAME = "$(TARGET_NAME)";
				SWIFT_EMIT_LOC_STRINGS = YES;
				SWIFT_VERSION = 5.0;
				TARGETED_DEVICE_FAMILY = "1,2";
			};
			name = Release;
		};
/* End XCBuildConfiguration section */

/* Begin XCConfigurationList section */
		F92D6A2A28DE1545004E18E2 /* Build configuration list for PBXProject "SAMU Provider" */ = {
			isa = XCConfigurationList;
			buildConfigurations = (
				F92D6A4128DE1547004E18E2 /* Debug */,
				F92D6A4228DE1547004E18E2 /* Release */,
			);
			defaultConfigurationIsVisible = 0;
			defaultConfigurationName = Release;
		};
		F92D6A4328DE1547004E18E2 /* Build configuration list for PBXNativeTarget "SAMU Provider" */ = {
			isa = XCConfigurationList;
			buildConfigurations = (
				F92D6A4428DE1547004E18E2 /* Debug */,
				F92D6A4528DE1547004E18E2 /* Release */,
			);
			defaultConfigurationIsVisible = 0;
			defaultConfigurationName = Release;
		};
/* End XCConfigurationList section */
	};
	rootObject = F92D6A2728DE1545004E18E2 /* Project object */;
}
